
Microsoft Visual Studio Solution File, Format Version 12.00
# Visual Studio 15
VisualStudioVersion = 15.0.26430.13
MinimumVisualStudioVersion = 10.0.40219.1
Project("{FAE04EC0-301F-11D3-BF4B-00C04F79EFBC}") = "Rsk.Samples.IdentityServer.AdminUiIntegration", "Rsk.Samples.IdentityServer.AdminUiIntegration\Rsk.Samples.IdentityServer.AdminUiIntegration.csproj", "{F6F8D777-08BD-44EE-A627-A67EF315360F}"
EndProject
Project("{FAE04EC0-301F-11D3-BF4B-00C04F79EFBC}") = "AdminUIIntegration.Tests", "Rsk.Samples.IdentityServer.AdminUIIntegration.Tests\AdminUIIntegration.Tests.csproj", "{830D4D2D-4F89-4C36-A12C-544176CDE15F}"
EndProject
Global
	GlobalSection(SolutionConfigurationPlatforms) = preSolution
		Debug|Any CPU = Debug|Any CPU
		Release|Any CPU = Release|Any CPU
	EndGlobalSection
	GlobalSection(ProjectConfigurationPlatforms) = postSolution
		{F6F8D777-08BD-44EE-A627-A67EF315360F}.Debug|Any CPU.ActiveCfg = Debug|Any CPU
		{F6F8D777-08BD-44EE-A627-A67EF315360F}.Debug|Any CPU.Build.0 = Debug|Any CPU
		{F6F8D777-08BD-44EE-A627-A67EF315360F}.Release|Any CPU.ActiveCfg = Release|Any CPU
		{F6F8D777-08BD-44EE-A627-A67EF315360F}.Release|Any CPU.Build.0 = Release|Any CPU
		{830D4D2D-4F89-4C36-A12C-544176CDE15F}.Debug|Any CPU.ActiveCfg = Debug|Any CPU
		{830D4D2D-4F89-4C36-A12C-544176CDE15F}.Debug|Any CPU.Build.0 = Debug|Any CPU
		{830D4D2D-4F89-4C36-A12C-544176CDE15F}.Release|Any CPU.ActiveCfg = Release|Any CPU
		{830D4D2D-4F89-4C36-A12C-544176CDE15F}.Release|Any CPU.Build.0 = Release|Any CPU
	EndGlobalSection
	GlobalSection(SolutionProperties) = preSolution
		HideSolutionNode = FALSE
	EndGlobalSection
EndGlobal
